
Microsoft Visual Studio Solution File, Format Version 12.00
# Visual Studio Version 16
VisualStudioVersion = 16.0.30907.101
MinimumVisualStudioVersion = 10.0.40219.1
Project("{FAE04EC0-301F-11D3-BF4B-00C04F79EFBC}") = "WpfBasicControlApp1", "WpfBasicControlApp1\WpfBasicControlApp1.csproj", "{71FFDF79-4548-4585-8FE0-FA725AE410E2}"
EndProject
Project("{FAE04EC0-301F-11D3-BF4B-00C04F79EFBC}") = "BikeShop", "BikeShop\BikeShop.csproj", "{602323EE-0344-4FEC-AEEB-6965E08BA04A}"
EndProject
Global
	GlobalSection(SolutionConfigurationPlatforms) = preSolution
		Debug|Any CPU = Debug|Any CPU
		Release|Any CPU = Release|Any CPU
	EndGlobalSection
	GlobalSection(ProjectConfigurationPlatforms) = postSolution
		{71FFDF79-4548-4585-8FE0-FA725AE410E2}.Debug|Any CPU.ActiveCfg = Debug|Any CPU
		{71FFDF79-4548-4585-8FE0-FA725AE410E2}.Debug|Any CPU.Build.0 = Debug|Any CPU
		{71FFDF79-4548-4585-8FE0-FA725AE410E2}.Release|Any CPU.ActiveCfg = Release|Any CPU
		{71FFDF79-4548-4585-8FE0-FA725AE410E2}.Release|Any CPU.Build.0 = Release|Any CPU
		{602323EE-0344-4FEC-AEEB-6965E08BA04A}.Debug|Any CPU.ActiveCfg = Debug|Any CPU
		{602323EE-0344-4FEC-AEEB-6965E08BA04A}.Debug|Any CPU.Build.0 = Debug|Any CPU
		{602323EE-0344-4FEC-AEEB-6965E08BA04A}.Release|Any CPU.ActiveCfg = Release|Any CPU
		{602323EE-0344-4FEC-AEEB-6965E08BA04A}.Release|Any CPU.Build.0 = Release|Any CPU
	EndGlobalSection
	GlobalSection(SolutionProperties) = preSolution
		HideSolutionNode = FALSE
	EndGlobalSection
	GlobalSection(ExtensibilityGlobals) = postSolution
		SolutionGuid = {45F40FEA-C2CF-40C8-94F5-06A99169DFD9}
	EndGlobalSection
EndGlobal
